// !$*UTF8*$!
{
	archiveVersion = 1;
	classes = {
	};
	objectVersion = 46;
	objects = {

/* Begin PBXBuildFile section */
		CC28CF491910A52200B142CD /* small_smiley.gif in Resources */ = {isa = PBXBuildFile; fileRef = CC28CF481910A52200B142CD /* small_smiley.gif */; };
		CC5AB405190F591900214876 /* Foundation.framework in Frameworks */ = {isa = PBXBuildFile; fileRef = CC5AB404190F591900214876 /* Foundation.framework */; };
		CC5AB407190F591900214876 /* CoreGraphics.framework in Frameworks */ = {isa = PBXBuildFile; fileRef = CC5AB406190F591900214876 /* CoreGraphics.framework */; };
		CC5AB409190F591900214876 /* UIKit.framework in Frameworks */ = {isa = PBXBuildFile; fileRef = CC5AB408190F591900214876 /* UIKit.framework */; };
		CC5AB40F190F591900214876 /* InfoPlist.strings in Resources */ = {isa = PBXBuildFile; fileRef = CC5AB40D190F591900214876 /* InfoPlist.strings */; };
		CC5AB411190F591900214876 /* main.m in Sources */ = {isa = PBXBuildFile; fileRef = CC5AB410190F591900214876 /* main.m */; };
		CC5AB415190F591900214876 /* AppDelegate.m in Sources */ = {isa = PBXBuildFile; fileRef = CC5AB414190F591900214876 /* AppDelegate.m */; };
		CC5AB417190F591900214876 /* Images.xcassets in Resources */ = {isa = PBXBuildFile; fileRef = CC5AB416190F591900214876 /* Images.xcassets */; };
		CC5AB41E190F591900214876 /* XCTest.framework in Frameworks */ = {isa = PBXBuildFile; fileRef = CC5AB41D190F591900214876 /* XCTest.framework */; };
		CC5AB41F190F591900214876 /* Foundation.framework in Frameworks */ = {isa = PBXBuildFile; fileRef = CC5AB404190F591900214876 /* Foundation.framework */; };
		CC5AB420190F591900214876 /* UIKit.framework in Frameworks */ = {isa = PBXBuildFile; fileRef = CC5AB408190F591900214876 /* UIKit.framework */; };
		CC5AB428190F591900214876 /* InfoPlist.strings in Resources */ = {isa = PBXBuildFile; fileRef = CC5AB426190F591900214876 /* InfoPlist.strings */; };
		CC5AB42A190F591900214876 /* wtfmanTests.m in Sources */ = {isa = PBXBuildFile; fileRef = CC5AB429190F591900214876 /* wtfmanTests.m */; };
		CC5AB435190F592E00214876 /* RootViewController.m in Sources */ = {isa = PBXBuildFile; fileRef = CC5AB434190F592E00214876 /* RootViewController.m */; };
		CC5AB473190F5BFC00214876 /* SecondViewController.m in Sources */ = {isa = PBXBuildFile; fileRef = CC5AB472190F5BFC00214876 /* SecondViewController.m */; };
		CC75950C1918873B00BDEB2E /* CoreMotion.framework in Frameworks */ = {isa = PBXBuildFile; fileRef = CC75950B1918873B00BDEB2E /* CoreMotion.framework */; };
/* End PBXBuildFile section */

/* Begin PBXContainerItemProxy section */
		CC5AB421190F591900214876 /* PBXContainerItemProxy */ = {
			isa = PBXContainerItemProxy;
			containerPortal = CC5AB3F9190F591900214876 /* Project object */;
			proxyType = 1;
			remoteGlobalIDString = CC5AB400190F591900214876;
			remoteInfo = wtfman;
		};
/* End PBXContainerItemProxy section */

/* Begin PBXFileReference section */
		CC28CF481910A52200B142CD /* small_smiley.gif */ = {isa = PBXFileReference; lastKnownFileType = image.gif; name = small_smiley.gif; path = ../../../../Downloads/small_smiley.gif; sourceTree = "<group>"; };
		CC5AB401190F591900214876 /* wtfman.app */ = {isa = PBXFileReference; explicitFileType = wrapper.application; includeInIndex = 0; path = wtfman.app; sourceTree = BUILT_PRODUCTS_DIR; };
		CC5AB404190F591900214876 /* Foundation.framework */ = {isa = PBXFileReference; lastKnownFileType = wrapper.framework; name = Foundation.framework; path = System/Library/Frameworks/Foundation.framework; sourceTree = SDKROOT; };
		CC5AB406190F591900214876 /* CoreGraphics.framework */ = {isa = PBXFileReference; lastKnownFileType = wrapper.framework; name = CoreGraphics.framework; path = System/Library/Frameworks/CoreGraphics.framework; sourceTree = SDKROOT; };
		CC5AB408190F591900214876 /* UIKit.framework */ = {isa = PBXFileReference; lastKnownFileType = wrapper.framework; name = UIKit.framework; path = System/Library/Frameworks/UIKit.framework; sourceTree = SDKROOT; };
		CC5AB40C190F591900214876 /* wtfman-Info.plist */ = {isa = PBXFileReference; lastKnownFileType = text.plist.xml; path = "wtfman-Info.plist"; sourceTree = "<group>"; };
		CC5AB40E190F591900214876 /* en */ = {isa = PBXFileReference; lastKnownFileType = text.plist.strings; name = en; path = en.lproj/InfoPlist.strings; sourceTree = "<group>"; };
		CC5AB410190F591900214876 /* main.m */ = {isa = PBXFileReference; lastKnownFileType = sourcecode.c.objc; path = main.m; sourceTree = "<group>"; };
		CC5AB412190F591900214876 /* wtfman-Prefix.pch */ = {isa = PBXFileReference; lastKnownFileType = sourcecode.c.h; path = "wtfman-Prefix.pch"; sourceTree = "<group>"; };
		CC5AB413190F591900214876 /* AppDelegate.h */ = {isa = PBXFileReference; lastKnownFileType = sourcecode.c.h; path = AppDelegate.h; sourceTree = "<group>"; };
		CC5AB414190F591900214876 /* AppDelegate.m */ = {isa = PBXFileReference; lastKnownFileType = sourcecode.c.objc; path = AppDelegate.m; sourceTree = "<group>"; };
		CC5AB416190F591900214876 /* Images.xcassets */ = {isa = PBXFileReference; lastKnownFileType = folder.assetcatalog; path = Images.xcassets; sourceTree = "<group>"; };
		CC5AB41C190F591900214876 /* wtfmanTests.xctest */ = {isa = PBXFileReference; explicitFileType = wrapper.cfbundle; includeInIndex = 0; path = wtfmanTests.xctest; sourceTree = BUILT_PRODUCTS_DIR; };
		CC5AB41D190F591900214876 /* XCTest.framework */ = {isa = PBXFileReference; lastKnownFileType = wrapper.framework; name = XCTest.framework; path = Library/Frameworks/XCTest.framework; sourceTree = DEVELOPER_DIR; };
		CC5AB425190F591900214876 /* wtfmanTests-Info.plist */ = {isa = PBXFileReference; lastKnownFileType = text.plist.xml; path = "wtfmanTests-Info.plist"; sourceTree = "<group>"; };
		CC5AB427190F591900214876 /* en */ = {isa = PBXFileReference; lastKnownFileType = text.plist.strings; name = en; path = en.lproj/InfoPlist.strings; sourceTree = "<group>"; };
		CC5AB429190F591900214876 /* wtfmanTests.m */ = {isa = PBXFileReference; lastKnownFileType = sourcecode.c.objc; path = wtfmanTests.m; sourceTree = "<group>"; };
		CC5AB433190F592E00214876 /* RootViewController.h */ = {isa = PBXFileReference; fileEncoding = 4; lastKnownFileType = sourcecode.c.h; path = RootViewController.h; sourceTree = "<group>"; };
		CC5AB434190F592E00214876 /* RootViewController.m */ = {isa = PBXFileReference; fileEncoding = 4; lastKnownFileType = sourcecode.c.objc; path = RootViewController.m; sourceTree = "<group>"; };
		CC5AB471190F5BFC00214876 /* SecondViewController.h */ = {isa = PBXFileReference; fileEncoding = 4; lastKnownFileType = sourcecode.c.h; path = SecondViewController.h; sourceTree = "<group>"; };
		CC5AB472190F5BFC00214876 /* SecondViewController.m */ = {isa = PBXFileReference; fileEncoding = 4; lastKnownFileType = sourcecode.c.objc; path = SecondViewController.m; sourceTree = "<group>"; };
		CC75950B1918873B00BDEB2E /* CoreMotion.framework */ = {isa = PBXFileReference; lastKnownFileType = wrapper.framework; name = CoreMotion.framework; path = System/Library/Frameworks/CoreMotion.framework; sourceTree = SDKROOT; };
/* End PBXFileReference section */

/* Begin PBXFrameworksBuildPhase section */
		CC5AB3FE190F591900214876 /* Frameworks */ = {
			isa = PBXFrameworksBuildPhase;
			buildActionMask = 2147483647;
			files = (
				CC75950C1918873B00BDEB2E /* CoreMotion.framework in Frameworks */,
				CC5AB407190F591900214876 /* CoreGraphics.framework in Frameworks */,
				CC5AB409190F591900214876 /* UIKit.framework in Frameworks */,
				CC5AB405190F591900214876 /* Foundation.framework in Frameworks */,
			);
			runOnlyForDeploymentPostprocessing = 0;
		};
		CC5AB419190F591900214876 /* Frameworks */ = {
			isa = PBXFrameworksBuildPhase;
			buildActionMask = 2147483647;
			files = (
				CC5AB41E190F591900214876 /* XCTest.framework in Frameworks */,
				CC5AB420190F591900214876 /* UIKit.framework in Frameworks */,
				CC5AB41F190F591900214876 /* Foundation.framework in Frameworks */,
			);
			runOnlyForDeploymentPostprocessing = 0;
		};
/* End PBXFrameworksBuildPhase section */

/* Begin PBXGroup section */
		CC28CF471910A50700B142CD /* Assets */ = {
			isa = PBXGroup;
			children = (
				CC28CF481910A52200B142CD /* small_smiley.gif */,
			);
			name = Assets;
			sourceTree = "<group>";
		};
		CC5AB3F8190F591900214876 = {
			isa = PBXGroup;
			children = (
				CC5AB40A190F591900214876 /* wtfman */,
				CC5AB423190F591900214876 /* wtfmanTests */,
				CC5AB403190F591900214876 /* Frameworks */,
				CC5AB402190F591900214876 /* Products */,
			);
			sourceTree = "<group>";
		};
		CC5AB402190F591900214876 /* Products */ = {
			isa = PBXGroup;
			children = (
				CC5AB401190F591900214876 /* wtfman.app */,
				CC5AB41C190F591900214876 /* wtfmanTests.xctest */,
			);
			name = Products;
			sourceTree = "<group>";
		};
		CC5AB403190F591900214876 /* Frameworks */ = {
			isa = PBXGroup;
			children = (
				CC75950B1918873B00BDEB2E /* CoreMotion.framework */,
				CC5AB404190F591900214876 /* Foundation.framework */,
				CC5AB406190F591900214876 /* CoreGraphics.framework */,
				CC5AB408190F591900214876 /* UIKit.framework */,
				CC5AB41D190F591900214876 /* XCTest.framework */,
			);
			name = Frameworks;
			sourceTree = "<group>";
		};
		CC5AB40A190F591900214876 /* wtfman */ = {
			isa = PBXGroup;
			children = (
				CC28CF471910A50700B142CD /* Assets */,
				CC5AB413190F591900214876 /* AppDelegate.h */,
				CC5AB414190F591900214876 /* AppDelegate.m */,
				CC5AB416190F591900214876 /* Images.xcassets */,
				CC5AB40B190F591900214876 /* Supporting Files */,
				CC5AB433190F592E00214876 /* RootViewController.h */,
				CC5AB434190F592E00214876 /* RootViewController.m */,
				CC5AB471190F5BFC00214876 /* SecondViewController.h */,
				CC5AB472190F5BFC00214876 /* SecondViewController.m */,
			);
			path = wtfman;
			sourceTree = "<group>";
		};
		CC5AB40B190F591900214876 /* Supporting Files */ = {
			isa = PBXGroup;
			children = (
				CC5AB40C190F591900214876 /* wtfman-Info.plist */,
				CC5AB40D190F591900214876 /* InfoPlist.strings */,
				CC5AB410190F591900214876 /* main.m */,
				CC5AB412190F591900214876 /* wtfman-Prefix.pch */,
			);
			name = "Supporting Files";
			sourceTree = "<group>";
		};
		CC5AB423190F591900214876 /* wtfmanTests */ = {
			isa = PBXGroup;
			children = (
				CC5AB429190F591900214876 /* wtfmanTests.m */,
				CC5AB424190F591900214876 /* Supporting Files */,
			);
			path = wtfmanTests;
			sourceTree = "<group>";
		};
		CC5AB424190F591900214876 /* Supporting Files */ = {
			isa = PBXGroup;
			children = (
				CC5AB425190F591900214876 /* wtfmanTests-Info.plist */,
				CC5AB426190F591900214876 /* InfoPlist.strings */,
			);
			name = "Supporting Files";
			sourceTree = "<group>";
		};
/* End PBXGroup section */

/* Begin PBXNativeTarget section */
		CC5AB400190F591900214876 /* wtfman */ = {
			isa = PBXNativeTarget;
			buildConfigurationList = CC5AB42D190F591900214876 /* Build configuration list for PBXNativeTarget "wtfman" */;
			buildPhases = (
				CC5AB3FD190F591900214876 /* Sources */,
				CC5AB3FE190F591900214876 /* Frameworks */,
				CC5AB3FF190F591900214876 /* Resources */,
			);
			buildRules = (
			);
			dependencies = (
			);
			name = wtfman;
			productName = wtfman;
			productReference = CC5AB401190F591900214876 /* wtfman.app */;
			productType = "com.apple.product-type.application";
		};
		CC5AB41B190F591900214876 /* wtfmanTests */ = {
			isa = PBXNativeTarget;
			buildConfigurationList = CC5AB430190F591900214876 /* Build configuration list for PBXNativeTarget "wtfmanTests" */;
			buildPhases = (
				CC5AB418190F591900214876 /* Sources */,
				CC5AB419190F591900214876 /* Frameworks */,
				CC5AB41A190F591900214876 /* Resources */,
			);
			buildRules = (
			);
			dependencies = (
				CC5AB422190F591900214876 /* PBXTargetDependency */,
			);
			name = wtfmanTests;
			productName = wtfmanTests;
			productReference = CC5AB41C190F591900214876 /* wtfmanTests.xctest */;
			productType = "com.apple.product-type.bundle.unit-test";
		};
/* End PBXNativeTarget section */

/* Begin PBXProject section */
		CC5AB3F9190F591900214876 /* Project object */ = {
			isa = PBXProject;
			attributes = {
				LastUpgradeCheck = 0500;
				ORGANIZATIONNAME = "Alberto Plata";
				TargetAttributes = {
					CC5AB400190F591900214876 = {
						DevelopmentTeam = RJSZYT47GG;
					};
					CC5AB41B190F591900214876 = {
						TestTargetID = CC5AB400190F591900214876;
					};
				};
			};
			buildConfigurationList = CC5AB3FC190F591900214876 /* Build configuration list for PBXProject "wtfman" */;
			compatibilityVersion = "Xcode 3.2";
			developmentRegion = English;
			hasScannedForEncodings = 0;
			knownRegions = (
				en,
			);
			mainGroup = CC5AB3F8190F591900214876;
			productRefGroup = CC5AB402190F591900214876 /* Products */;
			projectDirPath = "";
			projectRoot = "";
			targets = (
				CC5AB400190F591900214876 /* wtfman */,
				CC5AB41B190F591900214876 /* wtfmanTests */,
			);
		};
/* End PBXProject section */

/* Begin PBXResourcesBuildPhase section */
		CC5AB3FF190F591900214876 /* Resources */ = {
			isa = PBXResourcesBuildPhase;
			buildActionMask = 2147483647;
			files = (
				CC5AB40F190F591900214876 /* InfoPlist.strings in Resources */,
				CC5AB417190F591900214876 /* Images.xcassets in Resources */,
				CC28CF491910A52200B142CD /* small_smiley.gif in Resources */,
			);
			runOnlyForDeploymentPostprocessing = 0;
		};
		CC5AB41A190F591900214876 /* Resources */ = {
			isa = PBXResourcesBuildPhase;
			buildActionMask = 2147483647;
			files = (
				CC5AB428190F591900214876 /* InfoPlist.strings in Resources */,
			);
			runOnlyForDeploymentPostprocessing = 0;
		};
/* End PBXResourcesBuildPhase section */

/* Begin PBXSourcesBuildPhase section */
		CC5AB3FD190F591900214876 /* Sources */ = {
			isa = PBXSourcesBuildPhase;
			buildActionMask = 2147483647;
			files = (
				CC5AB473190F5BFC00214876 /* SecondViewController.m in Sources */,
				CC5AB415190F591900214876 /* AppDelegate.m in Sources */,
				CC5AB411190F591900214876 /* main.m in Sources */,
				CC5AB435190F592E00214876 /* RootViewController.m in Sources */,
			);
			runOnlyForDeploymentPostprocessing = 0;
		};
		CC5AB418190F591900214876 /* Sources */ = {
			isa = PBXSourcesBuildPhase;
			buildActionMask = 2147483647;
			files = (
				CC5AB42A190F591900214876 /* wtfmanTests.m in Sources */,
			);
			runOnlyForDeploymentPostprocessing = 0;
		};
/* End PBXSourcesBuildPhase section */

/* Begin PBXTargetDependency section */
		CC5AB422190F591900214876 /* PBXTargetDependency */ = {
			isa = PBXTargetDependency;
			target = CC5AB400190F591900214876 /* wtfman */;
			targetProxy = CC5AB421190F591900214876 /* PBXContainerItemProxy */;
		};
/* End PBXTargetDependency section */

/* Begin PBXVariantGroup section */
		CC5AB40D190F591900214876 /* InfoPlist.strings */ = {
			isa = PBXVariantGroup;
			children = (
				CC5AB40E190F591900214876 /* en */,
			);
			name = InfoPlist.strings;
			sourceTree = "<group>";
		};
		CC5AB426190F591900214876 /* InfoPlist.strings */ = {
			isa = PBXVariantGroup;
			children = (
				CC5AB427190F591900214876 /* en */,
			);
			name = InfoPlist.strings;
			sourceTree = "<group>";
		};
/* End PBXVariantGroup section */

/* Begin XCBuildConfiguration section */
		CC5AB42B190F591900214876 /* Debug */ = {
			isa = XCBuildConfiguration;
			buildSettings = {
				ALWAYS_SEARCH_USER_PATHS = NO;
				ARCHS = "$(ARCHS_STANDARD_INCLUDING_64_BIT)";
				CLANG_CXX_LANGUAGE_STANDARD = "gnu++0x";
				CLANG_CXX_LIBRARY = "libc++";
				CLANG_ENABLE_MODULES = YES;
				CLANG_ENABLE_OBJC_ARC = YES;
				CLANG_WARN_BOOL_CONVERSION = YES;
				CLANG_WARN_CONSTANT_CONVERSION = YES;
				CLANG_WARN_DIRECT_OBJC_ISA_USAGE = YES_ERROR;
				CLANG_WARN_EMPTY_BODY = YES;
				CLANG_WARN_ENUM_CONVERSION = YES;
				CLANG_WARN_INT_CONVERSION = YES;
				CLANG_WARN_OBJC_ROOT_CLASS = YES_ERROR;
				CLANG_WARN__DUPLICATE_METHOD_MATCH = YES;
				"CODE_SIGN_IDENTITY[sdk=iphoneos*]" = "iPhone Developer";
				COPY_PHASE_STRIP = NO;
				GCC_C_LANGUAGE_STANDARD = gnu99;
				GCC_DYNAMIC_NO_PIC = NO;
				GCC_OPTIMIZATION_LEVEL = 0;
				GCC_PREPROCESSOR_DEFINITIONS = (
					"DEBUG=1",
					"$(inherited)",
				);
				GCC_SYMBOLS_PRIVATE_EXTERN = NO;
				GCC_WARN_64_TO_32_BIT_CONVERSION = YES;
				GCC_WARN_ABOUT_RETURN_TYPE = YES_ERROR;
				GCC_WARN_UNDECLARED_SELECTOR = YES;
				GCC_WARN_UNINITIALIZED_AUTOS = YES;
				GCC_WARN_UNUSED_FUNCTION = YES;
				GCC_WARN_UNUSED_VARIABLE = YES;
				IPHONEOS_DEPLOYMENT_TARGET = 7.0;
				ONLY_ACTIVE_ARCH = YES;
				SDKROOT = iphoneos;
			};
			name = Debug;
		};
		CC5AB42C190F591900214876 /* Release */ = {
			isa = XCBuildConfiguration;
			buildSettings = {
				ALWAYS_SEARCH_USER_PATHS = NO;
				ARCHS = "$(ARCHS_STANDARD_INCLUDING_64_BIT)";
				CLANG_CXX_LANGUAGE_STANDARD = "gnu++0x";
				CLANG_CXX_LIBRARY = "libc++";
				CLANG_ENABLE_MODULES = YES;
				CLANG_ENABLE_OBJC_ARC = YES;
				CLANG_WARN_BOOL_CONVERSION = YES;
				CLANG_WARN_CONSTANT_CONVERSION = YES;
				CLANG_WARN_DIRECT_OBJC_ISA_USAGE = YES_ERROR;
				CLANG_WARN_EMPTY_BODY = YES;
				CLANG_WARN_ENUM_CONVERSION = YES;
				CLANG_WARN_INT_CONVERSION = YES;
				CLANG_WARN_OBJC_ROOT_CLASS = YES_ERROR;
				CLANG_WARN__DUPLICATE_METHOD_MATCH = YES;
				"CODE_SIGN_IDENTITY[sdk=iphoneos*]" = "iPhone Developer";
				COPY_PHASE_STRIP = YES;
				ENABLE_NS_ASSERTIONS = NO;
				GCC_C_LANGUAGE_STANDARD = gnu99;
				GCC_WARN_64_TO_32_BIT_CONVERSION = YES;
				GCC_WARN_ABOUT_RETURN_TYPE = YES_ERROR;
				GCC_WARN_UNDECLARED_SELECTOR = YES;
				GCC_WARN_UNINITIALIZED_AUTOS = YES;
				GCC_WARN_UNUSED_FUNCTION = YES;
				GCC_WARN_UNUSED_VARIABLE = YES;
				IPHONEOS_DEPLOYMENT_TARGET = 7.0;
				SDKROOT = iphoneos;
				VALIDATE_PRODUCT = YES;
			};
			name = Release;
		};
		CC5AB42E190F591900214876 /* Debug */ = {
			isa = XCBuildConfiguration;
			buildSettings = {
				ASSETCATALOG_COMPILER_APPICON_NAME = AppIcon;
				ASSETCATALOG_COMPILER_LAUNCHIMAGE_NAME = LaunchImage;
				CODE_SIGN_IDENTITY = "iPhone Developer";
				"CODE_SIGN_IDENTITY[sdk=iphoneos*]" = "iPhone Developer";
				GCC_PRECOMPILE_PREFIX_HEADER = YES;
				GCC_PREFIX_HEADER = "wtfman/wtfman-Prefix.pch";
				INFOPLIST_FILE = "wtfman/wtfman-Info.plist";
				PRODUCT_NAME = "$(TARGET_NAME)";
				PROVISIONING_PROFILE = "";
				WRAPPER_EXTENSION = app;
			};
			name = Debug;
		};
		CC5AB42F190F591900214876 /* Release */ = {
			isa = XCBuildConfiguration;
			buildSettings = {
				ASSETCATALOG_COMPILER_APPICON_NAME = AppIcon;
				ASSETCATALOG_COMPILER_LAUNCHIMAGE_NAME = LaunchImage;
				CODE_SIGN_IDENTITY = "iPhone Developer";
				"CODE_SIGN_IDENTITY[sdk=iphoneos*]" = "iPhone Developer";
				GCC_PRECOMPILE_PREFIX_HEADER = YES;
				GCC_PREFIX_HEADER = "wtfman/wtfman-Prefix.pch";
				INFOPLIST_FILE = "wtfman/wtfman-Info.plist";
				PRODUCT_NAME = "$(TARGET_NAME)";
				PROVISIONING_PROFILE = "";
				WRAPPER_EXTENSION = app;
			};
			name = Release;
		};
		CC5AB431190F591900214876 /* Debug */ = {
			isa = XCBuildConfiguration;
			buildSettings = {
				ARCHS = "$(ARCHS_STANDARD_INCLUDING_64_BIT)";
				BUNDLE_LOADER = "$(BUILT_PRODUCTS_DIR)/wtfman.app/wtfman";
				FRAMEWORK_SEARCH_PATHS = (
					"$(SDKROOT)/Developer/Library/Frameworks",
					"$(inherited)",
					"$(DEVELOPER_FRAMEWORKS_DIR)",
				);
				GCC_PRECOMPILE_PREFIX_HEADER = YES;
				GCC_PREFIX_HEADER = "wtfman/wtfman-Prefix.pch";
				GCC_PREPROCESSOR_DEFINITIONS = (
					"DEBUG=1",
					"$(inherited)",
				);
				INFOPLIST_FILE = "wtfmanTests/wtfmanTests-Info.plist";
				PRODUCT_NAME = "$(TARGET_NAME)";
				TEST_HOST = "$(BUNDLE_LOADER)";
				WRAPPER_EXTENSION = xctest;
			};
			name = Debug;
		};
		CC5AB432190F591900214876 /* Release */ = {
			isa = XCBuildConfiguration;
			buildSettings = {
				ARCHS = "$(ARCHS_STANDARD_INCLUDING_64_BIT)";
				BUNDLE_LOADER = "$(BUILT_PRODUCTS_DIR)/wtfman.app/wtfman";
				FRAMEWORK_SEARCH_PATHS = (
					"$(SDKROOT)/Developer/Library/Frameworks",
					"$(inherited)",
					"$(DEVELOPER_FRAMEWORKS_DIR)",
				);
				GCC_PRECOMPILE_PREFIX_HEADER = YES;
				GCC_PREFIX_HEADER = "wtfman/wtfman-Prefix.pch";
				INFOPLIST_FILE = "wtfmanTests/wtfmanTests-Info.plist";
				PRODUCT_NAME = "$(TARGET_NAME)";
				TEST_HOST = "$(BUNDLE_LOADER)";
				WRAPPER_EXTENSION = xctest;
			};
			name = Release;
		};
/* End XCBuildConfiguration section */

/* Begin XCConfigurationList section */
		CC5AB3FC190F591900214876 /* Build configuration list for PBXProject "wtfman" */ = {
			isa = XCConfigurationList;
			buildConfigurations = (
				CC5AB42B190F591900214876 /* Debug */,
				CC5AB42C190F591900214876 /* Release */,
			);
			defaultConfigurationIsVisible = 0;
			defaultConfigurationName = Release;
		};
		CC5AB42D190F591900214876 /* Build configuration list for PBXNativeTarget "wtfman" */ = {
			isa = XCConfigurationList;
			buildConfigurations = (
				CC5AB42E190F591900214876 /* Debug */,
				CC5AB42F190F591900214876 /* Release */,
			);
			defaultConfigurationIsVisible = 0;
			defaultConfigurationName = Release;
		};
		CC5AB430190F591900214876 /* Build configuration list for PBXNativeTarget "wtfmanTests" */ = {
			isa = XCConfigurationList;
			buildConfigurations = (
				CC5AB431190F591900214876 /* Debug */,
				CC5AB432190F591900214876 /* Release */,
			);
			defaultConfigurationIsVisible = 0;
			defaultConfigurationName = Release;
		};
/* End XCConfigurationList section */
	};
	rootObject = CC5AB3F9190F591900214876 /* Project object */;
}
